
Microsoft Visual Studio Solution File, Format Version 12.00
# Visual Studio Version 17
VisualStudioVersion = 17.0.31903.59
MinimumVisualStudioVersion = 10.0.40219.1
Project("{FAE04EC0-301F-11D3-BF4B-00C04F79EFBC}") = "Cosmos.Samples.NoSQL.Quickstart.Web", "web\Cosmos.Samples.NoSQL.Quickstart.Web.csproj", "{97D8FD8C-DE38-4CD8-A97B-8B1F1A72D22F}"
EndProject
Global
	GlobalSection(SolutionConfigurationPlatforms) = preSolution
		Debug|Any CPU = Debug|Any CPU
		Release|Any CPU = Release|Any CPU
	EndGlobalSection
	GlobalSection(SolutionProperties) = preSolution
		HideSolutionNode = FALSE
	EndGlobalSection
	GlobalSection(ProjectConfigurationPlatforms) = postSolution
		{97D8FD8C-DE38-4CD8-A97B-8B1F1A72D22F}.Debug|Any CPU.ActiveCfg = Debug|Any CPU
		{97D8FD8C-DE38-4CD8-A97B-8B1F1A72D22F}.Debug|Any CPU.Build.0 = Debug|Any CPU
		{97D8FD8C-DE38-4CD8-A97B-8B1F1A72D22F}.Release|Any CPU.ActiveCfg = Release|Any CPU
		{97D8FD8C-DE38-4CD8-A97B-8B1F1A72D22F}.Release|Any CPU.Build.0 = Release|Any CPU
	EndGlobalSection
EndGlobal
