
Microsoft Visual Studio Solution File, Format Version 12.00
# Visual Studio Version 17
VisualStudioVersion = 17.0.31903.59
MinimumVisualStudioVersion = 10.0.40219.1
Project("{FAE04EC0-301F-11D3-BF4B-00C04F79EFBC}") = "Microsoft.Samples.Cosmos.NoSQL.Quickstart.Web", "web\Microsoft.Samples.Cosmos.NoSQL.Quickstart.Web.csproj", "{DB1EBDE0-AA02-4D28-8574-EF28DAC09147}"
EndProject
Project("{FAE04EC0-301F-11D3-BF4B-00C04F79EFBC}") = "Microsoft.Samples.Cosmos.NoSQL.Quickstart.Models", "models\Microsoft.Samples.Cosmos.NoSQL.Quickstart.Models.csproj", "{5FC7FBD8-3D5B-4E86-AFA5-DC26BA5CB4D3}"
EndProject
Project("{FAE04EC0-301F-11D3-BF4B-00C04F79EFBC}") = "Microsoft.Samples.Cosmos.NoSQL.Quickstart.Services", "services\Microsoft.Samples.Cosmos.NoSQL.Quickstart.Services.csproj", "{BE19E8F8-0FE7-437B-AFD3-F31F854BCE87}"
EndProject
Global
	GlobalSection(SolutionConfigurationPlatforms) = preSolution
		Debug|Any CPU = Debug|Any CPU
		Release|Any CPU = Release|Any CPU
	EndGlobalSection
	GlobalSection(SolutionProperties) = preSolution
		HideSolutionNode = FALSE
	EndGlobalSection
	GlobalSection(ProjectConfigurationPlatforms) = postSolution
		{DB1EBDE0-AA02-4D28-8574-EF28DAC09147}.Debug|Any CPU.ActiveCfg = Debug|Any CPU
		{DB1EBDE0-AA02-4D28-8574-EF28DAC09147}.Debug|Any CPU.Build.0 = Debug|Any CPU
		{DB1EBDE0-AA02-4D28-8574-EF28DAC09147}.Release|Any CPU.ActiveCfg = Release|Any CPU
		{DB1EBDE0-AA02-4D28-8574-EF28DAC09147}.Release|Any CPU.Build.0 = Release|Any CPU
		{5FC7FBD8-3D5B-4E86-AFA5-DC26BA5CB4D3}.Debug|Any CPU.ActiveCfg = Debug|Any CPU
		{5FC7FBD8-3D5B-4E86-AFA5-DC26BA5CB4D3}.Debug|Any CPU.Build.0 = Debug|Any CPU
		{5FC7FBD8-3D5B-4E86-AFA5-DC26BA5CB4D3}.Release|Any CPU.ActiveCfg = Release|Any CPU
		{5FC7FBD8-3D5B-4E86-AFA5-DC26BA5CB4D3}.Release|Any CPU.Build.0 = Release|Any CPU
		{BE19E8F8-0FE7-437B-AFD3-F31F854BCE87}.Debug|Any CPU.ActiveCfg = Debug|Any CPU
		{BE19E8F8-0FE7-437B-AFD3-F31F854BCE87}.Debug|Any CPU.Build.0 = Debug|Any CPU
		{BE19E8F8-0FE7-437B-AFD3-F31F854BCE87}.Release|Any CPU.ActiveCfg = Release|Any CPU
		{BE19E8F8-0FE7-437B-AFD3-F31F854BCE87}.Release|Any CPU.Build.0 = Release|Any CPU
	EndGlobalSection
EndGlobal
